name: certify codespaces-cluster #12 lock

on:
  push:
    branches:
      - ci/certify-codespaces-cluster-12-lock-20260929
    paths:
      - '.github/workflows/certify-codespaces-cluster-12-lock.yml'
  pull_request:
    paths:
      - '.github/workflows/certify-codespaces-cluster-12-lock.yml'

permissions:
  contents: read

jobs:
  certify:
    if: >-
      (github.event_name == 'push' && github.ref_name == 'ci/certify-codespaces-cluster-12-lock-20260929') ||
      github.head_ref == 'ci/certify-codespaces-cluster-12-lock-20260929'
    runs-on: ubuntu-24.04
    timeout-minutes: 30
    env:
      CODESPACES_CLUSTER_SHA: 8fd2e2a2d30010510bcd94f1f34a1c8aa3ca7a4c
    steps:
      - uses: actions/checkout@11d5960a326750d5838078e36cf38b85af677262
        with:
          persist-credentials: false

      - name: Checkout exact codespaces-cluster head
        uses: actions/checkout@11d5960a326750d5838078e36cf38b85af677262
        with:
          repository: ORESoftware/codespaces-cluster
          ref: ${{ env.CODESPACES_CLUSTER_SHA }}
          token: ${{ secrets.ORE_SOURCE_PAT }}
          path: codespaces-cluster
          persist-credentials: false

      - name: Assert exact source and missing lock
        working-directory: codespaces-cluster
        shell: bash
        run: |
          set -Eeuo pipefail
          test "$(git rev-parse HEAD)" = "$CODESPACES_CLUSTER_SHA"
          git diff --check
          test ! -e Cargo.lock
          test "$(grep -F 'rust-version = "1.88"' Cargo.toml)" = 'rust-version = "1.88"'

      - name: Install Rust 1.88.0
        shell: bash
        run: |
          set -Eeuo pipefail
          rustup toolchain install 1.88.0 --profile minimal --component clippy,rustfmt
          rustup default 1.88.0
          rustc --version | grep -F 'rustc 1.88.0'
          cargo --version

      - name: Materialize rustfmt repair and resolver-owned lockfile
        working-directory: codespaces-cluster
        shell: bash
        run: |
          set -Eeuo pipefail
          cargo fmt --all
          cargo generate-lockfile
          test -s Cargo.lock
          git diff --check
          changed="$(git diff --name-only | LC_ALL=C sort)"
          expected="$(printf '%s\n' rust/ctl.rs rust/edge.rs rust/service.rs | LC_ALL=C sort)"
          test "$changed" = "$expected"
          test "$(git status --short | grep -Fc '?? Cargo.lock')" -eq 1
          sha256sum Cargo.lock

      - name: Rustfmt check after deterministic repair
        working-directory: codespaces-cluster
        run: cargo fmt --all --check

      - name: Locked compile
        working-directory: codespaces-cluster
        run: cargo check --locked --all-targets

      - name: Locked strict Clippy
        working-directory: codespaces-cluster
        run: cargo clippy --locked --all-targets -- -D warnings

      - name: Locked tests
        working-directory: codespaces-cluster
        run: cargo test --locked --all-targets

      - name: Bootstrap receipt regression
        working-directory: codespaces-cluster
        shell: bash
        run: |
          set -Eeuo pipefail
          bash -n scripts/bootstrap-pinned-cargo-tool.sh
          bash -n test/bootstrap-pinned-cargo-tool.sh
          bash test/bootstrap-pinned-cargo-tool.sh

      - name: Emit certified repair bytes
        working-directory: codespaces-cluster
        shell: bash
        run: |
          set -Eeuo pipefail
          for path in rust/ctl.rs rust/edge.rs rust/service.rs Cargo.lock; do
            marker="$(printf '%s' "$path" | tr '/.' '__')"
            echo "BEGIN_${marker}_B64"
            base64 -w 0 "$path"
            echo
            echo "END_${marker}_B64"
            sha256sum "$path"
          done
